
Microsoft Visual Studio Solution File, Format Version 12.00
# Visual Studio Version 17
VisualStudioVersion = 17.6.33815.320
MinimumVisualStudioVersion = 10.0.40219.1
Project("{9A19103F-16F7-4668-BE54-9A1E7A4F7556}") = "LogService.Application", "LogService.Application\LogService.Application.csproj", "{49B086DB-1330-459C-B615-E79274F785B3}"
EndProject
Project("{FAE04EC0-301F-11D3-BF4B-00C04F79EFBC}") = "Core.Auth", "Core.Auth\Core.Auth.csproj", "{31DA3542-534F-494D-8C28-56D7C8AD07A8}"
EndProject
Project("{FAE04EC0-301F-11D3-BF4B-00C04F79EFBC}") = "Core.Utils", "Core.Utils\Core.Utils.csproj", "{D36F332E-0FF0-4316-9575-E462D7C34348}"
EndProject
Project("{2150E333-8FDC-42A3-9474-1A3956D46DE8}") = "Core", "Core", "{2B75B0BE-73B2-4FC5-9070-B0912392E74B}"
EndProject
Project("{FAE04EC0-301F-11D3-BF4B-00C04F79EFBC}") = "Core.Grpc", "Core.Grpc\Core.Grpc.csproj", "{385861BB-714D-4C84-9B8B-1FD93E9841E7}"
EndProject
Project("{FAE04EC0-301F-11D3-BF4B-00C04F79EFBC}") = "Core.MessageQueue", "Core.MessageQueue\Core.MessageQueue.csproj", "{22CAFAE9-50E7-4494-982B-DE6B7A2AF57C}"
EndProject
Project("{FAE04EC0-301F-11D3-BF4B-00C04F79EFBC}") = "Core.Domain", "Core.Domain\Core.Domain.csproj", "{313FC38D-0115-4032-8A96-593F735CB146}"
EndProject
Project("{FAE04EC0-301F-11D3-BF4B-00C04F79EFBC}") = "Core.CommunicationModels", "Core.CommunicationModels\Core.CommunicationModels.csproj", "{98E22D64-322C-47E1-AC8A-650B67347F2B}"
EndProject
Project("{2150E333-8FDC-42A3-9474-1A3956D46DE8}") = "LogService", "LogService", "{B5D67DE9-486D-472D-BFCE-4A11763142C1}"
EndProject
Project("{FAE04EC0-301F-11D3-BF4B-00C04F79EFBC}") = "LogService.Domain", "LogService.Domain\LogService.Domain.csproj", "{AE2FAE59-A889-4FDD-9C1E-AAB384293F1E}"
EndProject
Project("{FAE04EC0-301F-11D3-BF4B-00C04F79EFBC}") = "LogService.Grpc", "LogService.Grpc\LogService.Grpc.csproj", "{A11FC61F-8C7C-4BE8-AA58-3CD554D774CC}"
EndProject
Project("{FAE04EC0-301F-11D3-BF4B-00C04F79EFBC}") = "LogService.MessageQueue", "LogService.MessageQueue\LogService.MessageQueue.csproj", "{0FDD9E0E-A75B-4D3E-B36F-52B09B3FBDC4}"
EndProject
Project("{FAE04EC0-301F-11D3-BF4B-00C04F79EFBC}") = "LogService.Tests", "LogService.Tests\LogService.Tests.csproj", "{5FE65456-4714-444D-80CD-842FA3A456FC}"
EndProject
Project("{FAE04EC0-301F-11D3-BF4B-00C04F79EFBC}") = "LogService.Logic", "LogService.Logic\LogService.Logic.csproj", "{71241531-DA68-4E75-95D3-4F4DF3017113}"
EndProject
Project("{2150E333-8FDC-42A3-9474-1A3956D46DE8}") = "AlarmService", "AlarmService", "{4820D402-906C-45A5-AA85-7916BB4E959A}"
EndProject
Project("{FAE04EC0-301F-11D3-BF4B-00C04F79EFBC}") = "AlarmService.Domain", "AlarmService.Domain\AlarmService.Domain.csproj", "{F1C533B4-985B-46AB-993A-7572EE4F0752}"
EndProject
Project("{FAE04EC0-301F-11D3-BF4B-00C04F79EFBC}") = "AlarmService.Logic", "AlarmService.Logic\AlarmService.Logic.csproj", "{C60B9B95-6F78-42E9-9F7C-2EE869382D9D}"
EndProject
Project("{FAE04EC0-301F-11D3-BF4B-00C04F79EFBC}") = "AlarmService.MessageQueue", "AlarmService.MessageQueue\AlarmService.MessageQueue.csproj", "{DCD3B5BB-62BE-4716-93CA-B9EB6862D763}"
EndProject
Project("{FAE04EC0-301F-11D3-BF4B-00C04F79EFBC}") = "AlarmService.Tests", "AlarmService.Tests\AlarmService.Tests.csproj", "{4C3F7582-0AA7-453E-BA7D-968177DADB3E}"
EndProject
Project("{FAE04EC0-301F-11D3-BF4B-00C04F79EFBC}") = "AlarmService.Grpc", "AlarmService.Grpc\AlarmService.Grpc.csproj", "{842CC927-7E67-4227-8859-75D07BA9F953}"
EndProject
Project("{FAE04EC0-301F-11D3-BF4B-00C04F79EFBC}") = "AlarmService.Application", "AlarmService.Application\AlarmService.Application.csproj", "{F61013CE-EF28-4912-BA47-5C23A85CE90C}"
EndProject
Project("{FAE04EC0-301F-11D3-BF4B-00C04F79EFBC}") = "Core.Logging", "Core.Logging\Core.Logging.csproj", "{EDD6D719-3C6E-415C-A493-D2C44F64F68C}"
EndProject
Project("{FAE04EC0-301F-11D3-BF4B-00C04F79EFBC}") = "Core.ErrorHandling", "Core.ErrorHandling\Core.ErrorHandling.csproj", "{F4BF01C4-6E30-4EF0-A523-85F31DF22FAA}"
EndProject
Global
	GlobalSection(SolutionConfigurationPlatforms) = preSolution
		Debug|Any CPU = Debug|Any CPU
		Release|Any CPU = Release|Any CPU
	EndGlobalSection
	GlobalSection(ProjectConfigurationPlatforms) = postSolution
		{49B086DB-1330-459C-B615-E79274F785B3}.Debug|Any CPU.ActiveCfg = Debug|Any CPU
		{49B086DB-1330-459C-B615-E79274F785B3}.Debug|Any CPU.Build.0 = Debug|Any CPU
		{49B086DB-1330-459C-B615-E79274F785B3}.Release|Any CPU.ActiveCfg = Release|Any CPU
		{49B086DB-1330-459C-B615-E79274F785B3}.Release|Any CPU.Build.0 = Release|Any CPU
		{31DA3542-534F-494D-8C28-56D7C8AD07A8}.Debug|Any CPU.ActiveCfg = Debug|Any CPU
		{31DA3542-534F-494D-8C28-56D7C8AD07A8}.Debug|Any CPU.Build.0 = Debug|Any CPU
		{31DA3542-534F-494D-8C28-56D7C8AD07A8}.Release|Any CPU.ActiveCfg = Release|Any CPU
		{31DA3542-534F-494D-8C28-56D7C8AD07A8}.Release|Any CPU.Build.0 = Release|Any CPU
		{D36F332E-0FF0-4316-9575-E462D7C34348}.Debug|Any CPU.ActiveCfg = Debug|Any CPU
		{D36F332E-0FF0-4316-9575-E462D7C34348}.Debug|Any CPU.Build.0 = Debug|Any CPU
		{D36F332E-0FF0-4316-9575-E462D7C34348}.Release|Any CPU.ActiveCfg = Release|Any CPU
		{D36F332E-0FF0-4316-9575-E462D7C34348}.Release|Any CPU.Build.0 = Release|Any CPU
		{385861BB-714D-4C84-9B8B-1FD93E9841E7}.Debug|Any CPU.ActiveCfg = Debug|Any CPU
		{385861BB-714D-4C84-9B8B-1FD93E9841E7}.Debug|Any CPU.Build.0 = Debug|Any CPU
		{385861BB-714D-4C84-9B8B-1FD93E9841E7}.Release|Any CPU.ActiveCfg = Release|Any CPU
		{385861BB-714D-4C84-9B8B-1FD93E9841E7}.Release|Any CPU.Build.0 = Release|Any CPU
		{22CAFAE9-50E7-4494-982B-DE6B7A2AF57C}.Debug|Any CPU.ActiveCfg = Debug|Any CPU
		{22CAFAE9-50E7-4494-982B-DE6B7A2AF57C}.Debug|Any CPU.Build.0 = Debug|Any CPU
		{22CAFAE9-50E7-4494-982B-DE6B7A2AF57C}.Release|Any CPU.ActiveCfg = Release|Any CPU
		{22CAFAE9-50E7-4494-982B-DE6B7A2AF57C}.Release|Any CPU.Build.0 = Release|Any CPU
		{313FC38D-0115-4032-8A96-593F735CB146}.Debug|Any CPU.ActiveCfg = Debug|Any CPU
		{313FC38D-0115-4032-8A96-593F735CB146}.Debug|Any CPU.Build.0 = Debug|Any CPU
		{313FC38D-0115-4032-8A96-593F735CB146}.Release|Any CPU.ActiveCfg = Release|Any CPU
		{313FC38D-0115-4032-8A96-593F735CB146}.Release|Any CPU.Build.0 = Release|Any CPU
		{98E22D64-322C-47E1-AC8A-650B67347F2B}.Debug|Any CPU.ActiveCfg = Debug|Any CPU
		{98E22D64-322C-47E1-AC8A-650B67347F2B}.Debug|Any CPU.Build.0 = Debug|Any CPU
		{98E22D64-322C-47E1-AC8A-650B67347F2B}.Release|Any CPU.ActiveCfg = Release|Any CPU
		{98E22D64-322C-47E1-AC8A-650B67347F2B}.Release|Any CPU.Build.0 = Release|Any CPU
		{AE2FAE59-A889-4FDD-9C1E-AAB384293F1E}.Debug|Any CPU.ActiveCfg = Debug|Any CPU
		{AE2FAE59-A889-4FDD-9C1E-AAB384293F1E}.Debug|Any CPU.Build.0 = Debug|Any CPU
		{AE2FAE59-A889-4FDD-9C1E-AAB384293F1E}.Release|Any CPU.ActiveCfg = Release|Any CPU
		{AE2FAE59-A889-4FDD-9C1E-AAB384293F1E}.Release|Any CPU.Build.0 = Release|Any CPU
		{A11FC61F-8C7C-4BE8-AA58-3CD554D774CC}.Debug|Any CPU.ActiveCfg = Debug|Any CPU
		{A11FC61F-8C7C-4BE8-AA58-3CD554D774CC}.Debug|Any CPU.Build.0 = Debug|Any CPU
		{A11FC61F-8C7C-4BE8-AA58-3CD554D774CC}.Release|Any CPU.ActiveCfg = Release|Any CPU
		{A11FC61F-8C7C-4BE8-AA58-3CD554D774CC}.Release|Any CPU.Build.0 = Release|Any CPU
		{0FDD9E0E-A75B-4D3E-B36F-52B09B3FBDC4}.Debug|Any CPU.ActiveCfg = Debug|Any CPU
		{0FDD9E0E-A75B-4D3E-B36F-52B09B3FBDC4}.Debug|Any CPU.Build.0 = Debug|Any CPU
		{0FDD9E0E-A75B-4D3E-B36F-52B09B3FBDC4}.Release|Any CPU.ActiveCfg = Release|Any CPU
		{0FDD9E0E-A75B-4D3E-B36F-52B09B3FBDC4}.Release|Any CPU.Build.0 = Release|Any CPU
		{5FE65456-4714-444D-80CD-842FA3A456FC}.Debug|Any CPU.ActiveCfg = Debug|Any CPU
		{5FE65456-4714-444D-80CD-842FA3A456FC}.Debug|Any CPU.Build.0 = Debug|Any CPU
		{5FE65456-4714-444D-80CD-842FA3A456FC}.Release|Any CPU.ActiveCfg = Release|Any CPU
		{5FE65456-4714-444D-80CD-842FA3A456FC}.Release|Any CPU.Build.0 = Release|Any CPU
		{71241531-DA68-4E75-95D3-4F4DF3017113}.Debug|Any CPU.ActiveCfg = Debug|Any CPU
		{71241531-DA68-4E75-95D3-4F4DF3017113}.Debug|Any CPU.Build.0 = Debug|Any CPU
		{71241531-DA68-4E75-95D3-4F4DF3017113}.Release|Any CPU.ActiveCfg = Release|Any CPU
		{71241531-DA68-4E75-95D3-4F4DF3017113}.Release|Any CPU.Build.0 = Release|Any CPU
		{F1C533B4-985B-46AB-993A-7572EE4F0752}.Debug|Any CPU.ActiveCfg = Debug|Any CPU
		{F1C533B4-985B-46AB-993A-7572EE4F0752}.Debug|Any CPU.Build.0 = Debug|Any CPU
		{F1C533B4-985B-46AB-993A-7572EE4F0752}.Release|Any CPU.ActiveCfg = Release|Any CPU
		{F1C533B4-985B-46AB-993A-7572EE4F0752}.Release|Any CPU.Build.0 = Release|Any CPU
		{C60B9B95-6F78-42E9-9F7C-2EE869382D9D}.Debug|Any CPU.ActiveCfg = Debug|Any CPU
		{C60B9B95-6F78-42E9-9F7C-2EE869382D9D}.Debug|Any CPU.Build.0 = Debug|Any CPU
		{C60B9B95-6F78-42E9-9F7C-2EE869382D9D}.Release|Any CPU.ActiveCfg = Release|Any CPU
		{C60B9B95-6F78-42E9-9F7C-2EE869382D9D}.Release|Any CPU.Build.0 = Release|Any CPU
		{DCD3B5BB-62BE-4716-93CA-B9EB6862D763}.Debug|Any CPU.ActiveCfg = Debug|Any CPU
		{DCD3B5BB-62BE-4716-93CA-B9EB6862D763}.Debug|Any CPU.Build.0 = Debug|Any CPU
		{DCD3B5BB-62BE-4716-93CA-B9EB6862D763}.Release|Any CPU.ActiveCfg = Release|Any CPU
		{DCD3B5BB-62BE-4716-93CA-B9EB6862D763}.Release|Any CPU.Build.0 = Release|Any CPU
		{4C3F7582-0AA7-453E-BA7D-968177DADB3E}.Debug|Any CPU.ActiveCfg = Debug|Any CPU
		{4C3F7582-0AA7-453E-BA7D-968177DADB3E}.Debug|Any CPU.Build.0 = Debug|Any CPU
		{4C3F7582-0AA7-453E-BA7D-968177DADB3E}.Release|Any CPU.ActiveCfg = Release|Any CPU
		{4C3F7582-0AA7-453E-BA7D-968177DADB3E}.Release|Any CPU.Build.0 = Release|Any CPU
		{842CC927-7E67-4227-8859-75D07BA9F953}.Debug|Any CPU.ActiveCfg = Debug|Any CPU
		{842CC927-7E67-4227-8859-75D07BA9F953}.Debug|Any CPU.Build.0 = Debug|Any CPU
		{842CC927-7E67-4227-8859-75D07BA9F953}.Release|Any CPU.ActiveCfg = Release|Any CPU
		{842CC927-7E67-4227-8859-75D07BA9F953}.Release|Any CPU.Build.0 = Release|Any CPU
		{F61013CE-EF28-4912-BA47-5C23A85CE90C}.Debug|Any CPU.ActiveCfg = Debug|Any CPU
		{F61013CE-EF28-4912-BA47-5C23A85CE90C}.Debug|Any CPU.Build.0 = Debug|Any CPU
		{F61013CE-EF28-4912-BA47-5C23A85CE90C}.Release|Any CPU.ActiveCfg = Release|Any CPU
		{F61013CE-EF28-4912-BA47-5C23A85CE90C}.Release|Any CPU.Build.0 = Release|Any CPU
		{EDD6D719-3C6E-415C-A493-D2C44F64F68C}.Debug|Any CPU.ActiveCfg = Debug|Any CPU
		{EDD6D719-3C6E-415C-A493-D2C44F64F68C}.Debug|Any CPU.Build.0 = Debug|Any CPU
		{EDD6D719-3C6E-415C-A493-D2C44F64F68C}.Release|Any CPU.ActiveCfg = Release|Any CPU
		{EDD6D719-3C6E-415C-A493-D2C44F64F68C}.Release|Any CPU.Build.0 = Release|Any CPU
		{F4BF01C4-6E30-4EF0-A523-85F31DF22FAA}.Debug|Any CPU.ActiveCfg = Debug|Any CPU
		{F4BF01C4-6E30-4EF0-A523-85F31DF22FAA}.Debug|Any CPU.Build.0 = Debug|Any CPU
		{F4BF01C4-6E30-4EF0-A523-85F31DF22FAA}.Release|Any CPU.ActiveCfg = Release|Any CPU
		{F4BF01C4-6E30-4EF0-A523-85F31DF22FAA}.Release|Any CPU.Build.0 = Release|Any CPU
	EndGlobalSection
	GlobalSection(SolutionProperties) = preSolution
		HideSolutionNode = FALSE
	EndGlobalSection
	GlobalSection(ExtensibilityGlobals) = postSolution
		SolutionGuid = {4B8D63E7-5F01-4F78-908E-21F9FFBE1B39}
	EndGlobalSection
	GlobalSection(NestedProjects) = preSolution
		{31DA3542-534F-494D-8C28-56D7C8AD07A8} = {2B75B0BE-73B2-4FC5-9070-B0912392E74B}
		{385861BB-714D-4C84-9B8B-1FD93E9841E7} = {2B75B0BE-73B2-4FC5-9070-B0912392E74B}
		{22CAFAE9-50E7-4494-982B-DE6B7A2AF57C} = {2B75B0BE-73B2-4FC5-9070-B0912392E74B}
		{313FC38D-0115-4032-8A96-593F735CB146} = {2B75B0BE-73B2-4FC5-9070-B0912392E74B}
		{D36F332E-0FF0-4316-9575-E462D7C34348} = {2B75B0BE-73B2-4FC5-9070-B0912392E74B}
		{AE2FAE59-A889-4FDD-9C1E-AAB384293F1E} = {B5D67DE9-486D-472D-BFCE-4A11763142C1}
		{A11FC61F-8C7C-4BE8-AA58-3CD554D774CC} = {B5D67DE9-486D-472D-BFCE-4A11763142C1}
		{0FDD9E0E-A75B-4D3E-B36F-52B09B3FBDC4} = {B5D67DE9-486D-472D-BFCE-4A11763142C1}
		{49B086DB-1330-459C-B615-E79274F785B3} = {B5D67DE9-486D-472D-BFCE-4A11763142C1}
		{98E22D64-322C-47E1-AC8A-650B67347F2B} = {2B75B0BE-73B2-4FC5-9070-B0912392E74B}
		{71241531-DA68-4E75-95D3-4F4DF3017113} = {B5D67DE9-486D-472D-BFCE-4A11763142C1}
		{5FE65456-4714-444D-80CD-842FA3A456FC} = {B5D67DE9-486D-472D-BFCE-4A11763142C1}
		{F1C533B4-985B-46AB-993A-7572EE4F0752} = {4820D402-906C-45A5-AA85-7916BB4E959A}
		{C60B9B95-6F78-42E9-9F7C-2EE869382D9D} = {4820D402-906C-45A5-AA85-7916BB4E959A}
		{DCD3B5BB-62BE-4716-93CA-B9EB6862D763} = {4820D402-906C-45A5-AA85-7916BB4E959A}
		{4C3F7582-0AA7-453E-BA7D-968177DADB3E} = {4820D402-906C-45A5-AA85-7916BB4E959A}
		{842CC927-7E67-4227-8859-75D07BA9F953} = {4820D402-906C-45A5-AA85-7916BB4E959A}
		{F61013CE-EF28-4912-BA47-5C23A85CE90C} = {4820D402-906C-45A5-AA85-7916BB4E959A}
		{EDD6D719-3C6E-415C-A493-D2C44F64F68C} = {2B75B0BE-73B2-4FC5-9070-B0912392E74B}
		{F4BF01C4-6E30-4EF0-A523-85F31DF22FAA} = {2B75B0BE-73B2-4FC5-9070-B0912392E74B}
	EndGlobalSection
EndGlobal
