dependencies:
- name: medewerker-backend
  repository: ""
  version: 0.1.0
- name: medewerker-frontend
  repository: ""
  version: 0.1.0
- name: huishoudboekje-service
  repository: ""
  version: 0.1.0
- name: organisatie-service
  repository: ""
  version: 0.1.0
- name: bank-transactie-service
  repository: ""
  version: 0.1.0
- name: grootboek-service
  repository: ""
  version: 0.1.0
- name: database
  repository: ""
  version: 0.1.0
- name: dex
  repository: https://charts.helm.sh/stable
  version: 2.13.0
digest: sha256:8d13a7cdbec99ca187cbb4e79293b8cc2fc99b21a11cbad5fa8be05cdc90c954
generated: "2021-01-14T13:50:22.103556+01:00"
