dependencies:
- name: medewerker-backend
  repository: ""
  version: 0.1.0
- name: medewerker-frontend
  repository: ""
  version: 0.1.0
- name: huishoudboekje-service
  repository: ""
  version: 0.1.0
- name: organisatie-service
  repository: ""
  version: 0.1.0
- name: bank-transactie-service
  repository: ""
  version: 0.1.0
- name: grootboek-service
  repository: ""
  version: 0.1.0
- name: log-service
  repository: ""
  version: 0.1.0
- name: database
  repository: ""
  version: 0.1.0
- name: dex
  repository: https://charts.helm.sh/stable
  version: 2.13.0
- name: postgresql
  repository: https://charts.bitnami.com/bitnami
  version: 10.2.1
digest: sha256:84912ac89d2c3735177aa7d5533f0b9b56a6425dc148e89e7e8dca5c2250065c
generated: "2021-01-18T16:27:12.283159+01:00"
