dependencies:
- name: medewerker-backend
  repository: ""
  version: 0.1.0
- name: medewerker-frontend
  repository: ""
  version: 0.1.0
- name: huishoudboekje-service
  repository: ""
  version: 0.1.0
- name: organisatie-service
  repository: ""
  version: 0.1.0
- name: bank-transactie-service
  repository: ""
  version: 0.1.0
- name: grootboek-service
  repository: ""
  version: 0.1.0
- name: log-service
  repository: ""
  version: 0.1.0
- name: database
  repository: ""
  version: 0.1.0
- name: dex
  repository: https://charts.helm.sh/stable
  version: 2.13.0
digest: sha256:213fa89860b10349c090692fde475d56e12b768c0a7e1a3dbc5179fb91cda814
generated: "2021-01-15T15:20:07.975872+01:00"
